{
  "name": "wild-transfer",
  "lockfileVersion": 3,
  "requires": true,
  "packages": {
    "": {
      "dependencies": {
        "virustotal": "^0.0.1"
      }
    },
    "node_modules/virustotal": {
      "version": "0.0.1",
      "resolved": "https://registry.npmjs.org/virustotal/-/virustotal-0.0.1.tgz",
      "integrity": "sha512-umcyupVBR87QdunW7YxOkrZgew7IePOSkCETtfxikl8F5wLSSmKGIGAzH3mwY05Fdkyw7ytDXRzQ1h/ujn5akA=="
    }
  }
}
